
Microsoft Visual Studio Solution File, Format Version 12.00
# Visual Studio Version 17
VisualStudioVersion = 17.14.36915.13 d17.14
MinimumVisualStudioVersion = 10.0.40219.1
Project("{FAE04EC0-301F-11D3-BF4B-00C04F79EFBC}") = "FootballLeagueManager.API", "FootballLeagueManager.API\FootballLeagueManager.API.csproj", "{1F37852E-B1F7-4741-A4A4-F3466872EEBB}"
EndProject
Global
	GlobalSection(SolutionConfigurationPlatforms) = preSolution
		Debug|Any CPU = Debug|Any CPU
		Release|Any CPU = Release|Any CPU
	EndGlobalSection
	GlobalSection(ProjectConfigurationPlatforms) = postSolution
		{1F37852E-B1F7-4741-A4A4-F3466872EEBB}.Debug|Any CPU.ActiveCfg = Debug|Any CPU
		{1F37852E-B1F7-4741-A4A4-F3466872EEBB}.Debug|Any CPU.Build.0 = Debug|Any CPU
		{1F37852E-B1F7-4741-A4A4-F3466872EEBB}.Release|Any CPU.ActiveCfg = Release|Any CPU
		{1F37852E-B1F7-4741-A4A4-F3466872EEBB}.Release|Any CPU.Build.0 = Release|Any CPU
	EndGlobalSection
	GlobalSection(SolutionProperties) = preSolution
		HideSolutionNode = FALSE
	EndGlobalSection
	GlobalSection(ExtensibilityGlobals) = postSolution
		SolutionGuid = {78432BE3-5F7E-4E11-B190-E74A02B30CD2}
	EndGlobalSection
EndGlobal
